
Microsoft Visual Studio Solution File, Format Version 12.00
# Visual Studio 14
VisualStudioVersion = 14.0.25123.0
MinimumVisualStudioVersion = 10.0.40219.1
Project("{8BC9CEB8-8B4A-11D0-8D11-00A0C91BC942}") = "Artifact", "Artifact\Artifact.vcxproj", "{29FAAF6B-4662-4721-922A-6AC1DD8E2908}"
EndProject
Project("{2150E333-8FDC-42A3-9474-1A3956D46DE8}") = "Solution Items", "Solution Items", "{0865AF50-83C1-48F2-A92A-653CF0477E3D}"
EndProject
Project("{8BC9CEB8-8B4A-11D0-8D11-00A0C91BC942}") = "PhysicsTest", "PhysicsTest\PhysicsTest.vcxproj", "{AEB5A2F9-D4EF-4240-89AD-E8E17B650E54}"
	ProjectSection(ProjectDependencies) = postProject
		{29FAAF6B-4662-4721-922A-6AC1DD8E2908} = {29FAAF6B-4662-4721-922A-6AC1DD8E2908}
	EndProjectSection
EndProject
Global
	GlobalSection(SolutionConfigurationPlatforms) = preSolution
		Debug|Win32 = Debug|Win32
		Release|Win32 = Release|Win32
	EndGlobalSection
	GlobalSection(ProjectConfigurationPlatforms) = postSolution
		{29FAAF6B-4662-4721-922A-6AC1DD8E2908}.Debug|Win32.ActiveCfg = Debug|Win32
		{29FAAF6B-4662-4721-922A-6AC1DD8E2908}.Debug|Win32.Build.0 = Debug|Win32
		{29FAAF6B-4662-4721-922A-6AC1DD8E2908}.Release|Win32.ActiveCfg = Release|Win32
		{29FAAF6B-4662-4721-922A-6AC1DD8E2908}.Release|Win32.Build.0 = Release|Win32
		{AEB5A2F9-D4EF-4240-89AD-E8E17B650E54}.Debug|Win32.ActiveCfg = Debug|Win32
		{AEB5A2F9-D4EF-4240-89AD-E8E17B650E54}.Debug|Win32.Build.0 = Debug|Win32
		{AEB5A2F9-D4EF-4240-89AD-E8E17B650E54}.Release|Win32.ActiveCfg = Release|Win32
		{AEB5A2F9-D4EF-4240-89AD-E8E17B650E54}.Release|Win32.Build.0 = Release|Win32
	EndGlobalSection
	GlobalSection(SolutionProperties) = preSolution
		HideSolutionNode = FALSE
	EndGlobalSection
EndGlobal
